
Microsoft Visual Studio Solution File, Format Version 12.00
# Visual Studio Version 16
VisualStudioVersion = 16.0.33328.57
MinimumVisualStudioVersion = 10.0.40219.1
Project("{FAE04EC0-301F-11D3-BF4B-00C04F79EFBC}") = "Mission09_hwatso02", "Mission09_hwatso02.csproj", "{046C1DEB-DEBE-468E-BB7E-B2AC45A39F86}"
EndProject
Global
	GlobalSection(SolutionConfigurationPlatforms) = preSolution
		Debug|Any CPU = Debug|Any CPU
		Release|Any CPU = Release|Any CPU
	EndGlobalSection
	GlobalSection(ProjectConfigurationPlatforms) = postSolution
		{046C1DEB-DEBE-468E-BB7E-B2AC45A39F86}.Debug|Any CPU.ActiveCfg = Debug|Any CPU
		{046C1DEB-DEBE-468E-BB7E-B2AC45A39F86}.Debug|Any CPU.Build.0 = Debug|Any CPU
		{046C1DEB-DEBE-468E-BB7E-B2AC45A39F86}.Release|Any CPU.ActiveCfg = Release|Any CPU
		{046C1DEB-DEBE-468E-BB7E-B2AC45A39F86}.Release|Any CPU.Build.0 = Release|Any CPU
	EndGlobalSection
	GlobalSection(SolutionProperties) = preSolution
		HideSolutionNode = FALSE
	EndGlobalSection
	GlobalSection(ExtensibilityGlobals) = postSolution
		SolutionGuid = {3B4557EE-0A76-499C-94C3-BF2B24476412}
	EndGlobalSection
EndGlobal
